
Microsoft Visual Studio Solution File, Format Version 12.00
# Visual Studio 15
VisualStudioVersion = 15.0.28307.329
MinimumVisualStudioVersion = 10.0.40219.1
Project("{FAE04EC0-301F-11D3-BF4B-00C04F79EFBC}") = "Draw", "Draw\Draw.csproj", "{173DCA99-C97D-4BBB-837D-6D2535E62C05}"
EndProject
Global
	GlobalSection(SolutionConfigurationPlatforms) = preSolution
		Debug|Any CPU = Debug|Any CPU
		Release|Any CPU = Release|Any CPU
	EndGlobalSection
	GlobalSection(ProjectConfigurationPlatforms) = postSolution
		{173DCA99-C97D-4BBB-837D-6D2535E62C05}.Debug|Any CPU.ActiveCfg = Debug|Any CPU
		{173DCA99-C97D-4BBB-837D-6D2535E62C05}.Debug|Any CPU.Build.0 = Debug|Any CPU
		{173DCA99-C97D-4BBB-837D-6D2535E62C05}.Release|Any CPU.ActiveCfg = Release|Any CPU
		{173DCA99-C97D-4BBB-837D-6D2535E62C05}.Release|Any CPU.Build.0 = Release|Any CPU
	EndGlobalSection
	GlobalSection(SolutionProperties) = preSolution
		HideSolutionNode = FALSE
	EndGlobalSection
	GlobalSection(ExtensibilityGlobals) = postSolution
		SolutionGuid = {BC66646F-67FD-4E55-A9F1-A154CD70D266}
	EndGlobalSection
EndGlobal
